# THIS IS AN AUTOGENERATED FILE. DO NOT EDIT THIS FILE DIRECTLY.
# yarn lockfile v1


lodash.omit@^4.5.0:
  version "4.5.0"
  resolved "https://registry.yarnpkg.com/lodash.omit/-/lodash.omit-4.5.0.tgz#6eb19ae5a1ee1dd9df0b969e66ce0b7fa30b5e60"

vue-meteor-tracker@^1.2.1:
  version "1.2.1"
  resolved "https://registry.yarnpkg.com/vue-meteor-tracker/-/vue-meteor-tracker-1.2.1.tgz#b4e140c5ad30f676725fc04e1437daab80ee1ab6"
  dependencies:
    lodash.omit "^4.5.0"

vue@^2.2.6:
  version "2.2.6"
  resolved "https://registry.yarnpkg.com/vue/-/vue-2.2.6.tgz#451714b394dd6d4eae7b773c40c2034a59621aed"
